
Microsoft Visual Studio Solution File, Format Version 12.00
# Visual Studio Version 16
VisualStudioVersion = 16.0.29613.14
MinimumVisualStudioVersion = 10.0.40219.1
Project("{FAE04EC0-301F-11D3-BF4B-00C04F79EFBC}") = "Chrome", "Chrome\Chrome.csproj", "{C3226343-1B57-4330-985A-7DBD7BF93E8B}"
EndProject
Project("{FAE04EC0-301F-11D3-BF4B-00C04F79EFBC}") = "AyarKontrol", "AyarKontrol\AyarKontrol.csproj", "{874033E3-C23F-4F23-AFC7-BD50B060B456}"
EndProject
Project("{FAE04EC0-301F-11D3-BF4B-00C04F79EFBC}") = "Baglanti", "Baglanti\Baglanti.csproj", "{7855C513-10DB-4126-8712-5F9A755FC28A}"
EndProject
Global
	GlobalSection(SolutionConfigurationPlatforms) = preSolution
		Debug|Any CPU = Debug|Any CPU
		Debug|x86 = Debug|x86
		Release|Any CPU = Release|Any CPU
		Release|x86 = Release|x86
	EndGlobalSection
	GlobalSection(ProjectConfigurationPlatforms) = postSolution
		{C3226343-1B57-4330-985A-7DBD7BF93E8B}.Debug|Any CPU.ActiveCfg = Debug|x86
		{C3226343-1B57-4330-985A-7DBD7BF93E8B}.Debug|Any CPU.Build.0 = Debug|x86
		{C3226343-1B57-4330-985A-7DBD7BF93E8B}.Debug|x86.ActiveCfg = Debug|x86
		{C3226343-1B57-4330-985A-7DBD7BF93E8B}.Debug|x86.Build.0 = Debug|x86
		{C3226343-1B57-4330-985A-7DBD7BF93E8B}.Release|Any CPU.ActiveCfg = Release|Any CPU
		{C3226343-1B57-4330-985A-7DBD7BF93E8B}.Release|Any CPU.Build.0 = Release|Any CPU
		{C3226343-1B57-4330-985A-7DBD7BF93E8B}.Release|x86.ActiveCfg = Release|x86
		{C3226343-1B57-4330-985A-7DBD7BF93E8B}.Release|x86.Build.0 = Release|x86
		{874033E3-C23F-4F23-AFC7-BD50B060B456}.Debug|Any CPU.ActiveCfg = Debug|Any CPU
		{874033E3-C23F-4F23-AFC7-BD50B060B456}.Debug|Any CPU.Build.0 = Debug|Any CPU
		{874033E3-C23F-4F23-AFC7-BD50B060B456}.Debug|x86.ActiveCfg = Debug|Any CPU
		{874033E3-C23F-4F23-AFC7-BD50B060B456}.Debug|x86.Build.0 = Debug|Any CPU
		{874033E3-C23F-4F23-AFC7-BD50B060B456}.Release|Any CPU.ActiveCfg = Release|Any CPU
		{874033E3-C23F-4F23-AFC7-BD50B060B456}.Release|Any CPU.Build.0 = Release|Any CPU
		{874033E3-C23F-4F23-AFC7-BD50B060B456}.Release|x86.ActiveCfg = Release|Any CPU
		{874033E3-C23F-4F23-AFC7-BD50B060B456}.Release|x86.Build.0 = Release|Any CPU
		{7855C513-10DB-4126-8712-5F9A755FC28A}.Debug|Any CPU.ActiveCfg = Debug|Any CPU
		{7855C513-10DB-4126-8712-5F9A755FC28A}.Debug|Any CPU.Build.0 = Debug|Any CPU
		{7855C513-10DB-4126-8712-5F9A755FC28A}.Debug|x86.ActiveCfg = Debug|x86
		{7855C513-10DB-4126-8712-5F9A755FC28A}.Debug|x86.Build.0 = Debug|x86
		{7855C513-10DB-4126-8712-5F9A755FC28A}.Release|Any CPU.ActiveCfg = Release|Any CPU
		{7855C513-10DB-4126-8712-5F9A755FC28A}.Release|Any CPU.Build.0 = Release|Any CPU
		{7855C513-10DB-4126-8712-5F9A755FC28A}.Release|x86.ActiveCfg = Release|Any CPU
		{7855C513-10DB-4126-8712-5F9A755FC28A}.Release|x86.Build.0 = Release|Any CPU
	EndGlobalSection
	GlobalSection(SolutionProperties) = preSolution
		HideSolutionNode = FALSE
	EndGlobalSection
	GlobalSection(ExtensibilityGlobals) = postSolution
		SolutionGuid = {229FA3A8-41AA-497A-AC1F-BEE7BA48C3B2}
	EndGlobalSection
EndGlobal
